
Microsoft Visual Studio Solution File, Format Version 12.00
# Visual Studio Version 17
VisualStudioVersion = 17.14.36915.13
MinimumVisualStudioVersion = 10.0.40219.1
Project("{2150E333-8FDC-42A3-9474-1A3956D46DE8}") = "src", "src", "{827E0CD3-B72D-47B6-A68D-7590B98EB39B}"
EndProject
Project("{FAE04EC0-301F-11D3-BF4B-00C04F79EFBC}") = "CycloneDDS.Core", "src\CycloneDDS.Core\CycloneDDS.Core.csproj", "{D482EAB7-A89E-4246-9255-85174D47F06B}"
EndProject
Project("{FAE04EC0-301F-11D3-BF4B-00C04F79EFBC}") = "CycloneDDS.Runtime", "src\CycloneDDS.Runtime\CycloneDDS.Runtime.csproj", "{BF07E2E1-06B5-49BC-AC57-85E4EFBAB707}"
EndProject
Project("{FAE04EC0-301F-11D3-BF4B-00C04F79EFBC}") = "CycloneDDS.Schema", "src\CycloneDDS.Schema\CycloneDDS.Schema.csproj", "{94162A3F-8156-4B26-BEFC-44889049A4AA}"
EndProject
Project("{FAE04EC0-301F-11D3-BF4B-00C04F79EFBC}") = "CycloneDDS.CodeGen", "tools\CycloneDDS.CodeGen\CycloneDDS.CodeGen.csproj", "{32497CA2-604E-4518-B9F7-92EE48041411}"
EndProject
Project("{FAE04EC0-301F-11D3-BF4B-00C04F79EFBC}") = "CycloneDDS.Compiler.Common", "tools\CycloneDDS.Compiler.Common\CycloneDDS.Compiler.Common.csproj", "{2E725A93-1D36-4265-BF47-E7FC69C1BC1D}"
EndProject
Project("{FAE04EC0-301F-11D3-BF4B-00C04F79EFBC}") = "CycloneDDS.IdlImporter", "tools\CycloneDDS.IdlImporter\CycloneDDS.IdlImporter.csproj", "{643461F2-41C0-4FE1-A5B2-31A07EA9D7C0}"
EndProject
Project("{FAE04EC0-301F-11D3-BF4B-00C04F79EFBC}") = "DdsMonitor", "tools\DdsMonitor\DdsMonitor.Blazor\DdsMonitor.csproj", "{2E2D8B61-8D11-4E68-9A5A-4EB9E6B4F1C0}"
EndProject
Project("{FAE04EC0-301F-11D3-BF4B-00C04F79EFBC}") = "DdsMonitor.Engine", "tools\DdsMonitor\DdsMonitor.Engine\DdsMonitor.Engine.csproj", "{8E45B8B6-47C7-4C03-9AF2-2B01F5C5F6A2}"
EndProject
Project("{FAE04EC0-301F-11D3-BF4B-00C04F79EFBC}") = "DdsMonitor.Engine.Tests", "tests\DdsMonitor.Engine.Tests\DdsMonitor.Engine.Tests.csproj", "{3C7FE623-2F60-4E29-8EB8-54AF50DD2B9F}"
EndProject
Project("{FAE04EC0-301F-11D3-BF4B-00C04F79EFBC}") = "CycloneDDS.Runtime.Tests", "tests\CycloneDDS.Runtime.Tests\CycloneDDS.Runtime.Tests.csproj", "{BD9B3710-CB42-4EAA-85AE-647F1D2A1BB4}"
EndProject
Project("{FAE04EC0-301F-11D3-BF4B-00C04F79EFBC}") = "CycloneDDS.CodeGen.Tests", "tests\CycloneDDS.CodeGen.Tests\CycloneDDS.CodeGen.Tests.csproj", "{B2575728-8AB4-48D4-B52B-FC27A6DA8283}"
EndProject
Project("{FAE04EC0-301F-11D3-BF4B-00C04F79EFBC}") = "CycloneDDS.Core.Tests", "tests\CycloneDDS.Core.Tests\CycloneDDS.Core.Tests.csproj", "{E07B2D8B-E471-4B95-9746-49BADA2D2921}"
EndProject
Project("{FAE04EC0-301F-11D3-BF4B-00C04F79EFBC}") = "CycloneDDS.Schema.Tests", "tests\CycloneDDS.Schema.Tests\CycloneDDS.Schema.Tests.csproj", "{584B8681-CE80-4F3F-A0ED-B01F678A85AC}"
EndProject
Project("{FAE04EC0-301F-11D3-BF4B-00C04F79EFBC}") = "CycloneDDS.Native.Verify", "tests\CycloneDDS.Native.Verify\CycloneDDS.Native.Verify.csproj", "{875AE965-CFCF-4228-8185-D6E015BE0FEF}"
EndProject
Project("{FAE04EC0-301F-11D3-BF4B-00C04F79EFBC}") = "CycloneDDS.IdlImporter.Tests", "tools\CycloneDDS.IdlImporter.Tests\CycloneDDS.IdlImporter.Tests.csproj", "{89D38622-8964-41D5-8B95-5EF34F8FB553}"
EndProject
Project("{FAE04EC0-301F-11D3-BF4B-00C04F79EFBC}") = "CycloneDDS.Compiler.Common.Tests", "tools\CycloneDDS.Compiler.Common.Tests\CycloneDDS.Compiler.Common.Tests.csproj", "{1A55BB8F-7080-404F-AA0E-60918BA90AFA}"
EndProject
Project("{FAE04EC0-301F-11D3-BF4B-00C04F79EFBC}") = "FeatureDemo.Tests", "tests\FeatureDemo.Tests\FeatureDemo.Tests.csproj", "{5AB8FA4C-EED0-47B5-8180-45CE310781E3}"
EndProject
Project("{FAE04EC0-301F-11D3-BF4B-00C04F79EFBC}") = "FeatureDemo", "examples\FeatureDemo\FeatureDemo.csproj", "{0E69798E-3638-87CE-A8B3-FC3ABF0094E1}"
EndProject
Project("{FAE04EC0-301F-11D3-BF4B-00C04F79EFBC}") = "HelloWorld", "examples\HelloWorld\HelloWorld.csproj", "{6603E4F2-116F-C3D8-D231-C49D71D03F3A}"
EndProject
Project("{FAE04EC0-301F-11D3-BF4B-00C04F79EFBC}") = "IdlImportDemoApp", "examples\IdlImportDemo\IdlImportDemoApp\IdlImportDemoApp.csproj", "{B65DC788-0CF5-A10A-53D5-F2824E679416}"
EndProject
Project("{2150E333-8FDC-42A3-9474-1A3956D46DE8}") = "IdlImportDemo", "IdlImportDemo", "{9AD0138F-C549-4DFD-849B-D25FB24DFECB}"
EndProject
Project("{2150E333-8FDC-42A3-9474-1A3956D46DE8}") = "examples", "examples", "{CD946A00-5B0F-4722-8C9E-C055AEAABBB9}"
EndProject
Project("{FAE04EC0-301F-11D3-BF4B-00C04F79EFBC}") = "CommonLib", "examples\IdlImportDemo\CommonLib\CommonLib.csproj", "{B4C350DC-B8F5-EFE6-5EB4-80B321D381A6}"
EndProject
Project("{FAE04EC0-301F-11D3-BF4B-00C04F79EFBC}") = "AppLib", "examples\IdlImportDemo\AppLib\AppLib.csproj", "{2934F9FB-7DCF-1B48-5CDD-9487F3377068}"
EndProject
Project("{2150E333-8FDC-42A3-9474-1A3956D46DE8}") = "tools", "tools", "{07C2787E-EAC7-C090-1BA3-A61EC2A24D84}"
EndProject
Project("{2150E333-8FDC-42A3-9474-1A3956D46DE8}") = "DdsMonitor", "DdsMonitor", "{D155029A-9F95-7E23-5ED3-9C9C0B71BEE5}"
EndProject
Project("{FAE04EC0-301F-11D3-BF4B-00C04F79EFBC}") = "DdsMonitor.Plugins.ECS", "tools\DdsMonitor\DdsMonitor.Plugins.ECS\DdsMonitor.Plugins.ECS.csproj", "{86069ECF-8602-4D87-9C3F-BC64E98842EC}"
EndProject
Project("{FAE04EC0-301F-11D3-BF4B-00C04F79EFBC}") = "DdsMonitor.Plugins.FeatureDemo", "tools\DdsMonitor\DdsMonitor.Plugins.FeatureDemo\DdsMonitor.Plugins.FeatureDemo.csproj", "{3CEE700B-8E85-46B0-92FA-090D124E66F0}"
EndProject
Project("{2150E333-8FDC-42A3-9474-1A3956D46DE8}") = "tests", "tests", "{0AB3BF05-4346-4AA6-1389-037BE0695223}"
EndProject
Project("{FAE04EC0-301F-11D3-BF4B-00C04F79EFBC}") = "DdsMonitor.Plugins.ECS.Tests", "tests\DdsMonitor.Plugins.ECS.Tests\DdsMonitor.Plugins.ECS.Tests.csproj", "{DF752026-D328-4244-90AD-7C5C85E45E7C}"
EndProject
Project("{FAE04EC0-301F-11D3-BF4B-00C04F79EFBC}") = "DdsMonitor.Blazor.Tests", "tests\DdsMonitor.Blazor.Tests\DdsMonitor.Blazor.Tests.csproj", "{28873C8C-8831-44DD-8581-580F3258E1CF}"
EndProject
Project("{FAE04EC0-301F-11D3-BF4B-00C04F79EFBC}") = "DdsMonitor.Plugins.FeatureDemo.Tests", "tests\DdsMonitor.Plugins.FeatureDemo.Tests\DdsMonitor.Plugins.FeatureDemo.Tests.csproj", "{B019AB82-FCE8-45D4-9EEB-A1045E1564CD}"
EndProject
Project("{FAE04EC0-301F-11D3-BF4B-00C04F79EFBC}") = "DdsMonitor.Avalonia.StandardPlugin", "tools\DdsMonitor\DdsMonitor.Avalonia.StandardPlugin\DdsMonitor.Avalonia.StandardPlugin.csproj", "{A9CE787A-2DCF-400C-B63F-53FD37A58633}"
EndProject
Project("{FAE04EC0-301F-11D3-BF4B-00C04F79EFBC}") = "DdsMonitor.Avalonia.Core", "tools\DdsMonitor\DdsMonitor.Avalonia.Core\DdsMonitor.Avalonia.Core.csproj", "{C5BC574F-BDEB-46BA-BE01-0A5CF117E838}"
EndProject
Project("{FAE04EC0-301F-11D3-BF4B-00C04F79EFBC}") = "DdsMonitor.Avalonia.StandardPlugin.Tests", "tests\DdsMonitor.Avalonia.StandardPlugin.Tests\DdsMonitor.Avalonia.StandardPlugin.Tests.csproj", "{0B5CC937-5C4E-49C6-B9AB-EBC86EEFDD23}"
EndProject
Project("{FAE04EC0-301F-11D3-BF4B-00C04F79EFBC}") = "DdsMonitor.Avalonia", "tools\DdsMonitor\DdsMonitor.Avalonia\DdsMonitor.Avalonia.csproj", "{E4778A4A-BF4A-CBD3-4758-D863FD45BD85}"
EndProject
Project("{FAE04EC0-301F-11D3-BF4B-00C04F79EFBC}") = "DdsMonitor.Avalonia.FeatureDemoPlugin", "tools\DdsMonitor\DdsMonitor.Avalonia.FeatureDemoPlugin\DdsMonitor.Avalonia.FeatureDemoPlugin.csproj", "{F1D3B5A7-9C2E-4680-B8DA-1234567890AB}"
EndProject
Project("{FAE04EC0-301F-11D3-BF4B-00C04F79EFBC}") = "DdsMonitor.Avalonia.Core.Tests", "tests\DdsMonitor.Avalonia.Core.Tests\DdsMonitor.Avalonia.Core.Tests.csproj", "{D3E5C7A9-1B2C-4D40-B8C0-345678901BCD}"
EndProject
Project("{FAE04EC0-301F-11D3-BF4B-00C04F79EFBC}") = "DdsMonitor.Avalonia.Tests", "tests\DdsMonitor.Avalonia.Tests\DdsMonitor.Avalonia.Tests.csproj", "{C4F6D8BA-2C3D-4E50-C9D1-456789012CDE}"
EndProject
Project("{FAE04EC0-301F-11D3-BF4B-00C04F79EFBC}") = "DdsMonitor.Avalonia.FeatureDemoPlugin.Tests", "tests\DdsMonitor.Avalonia.FeatureDemoPlugin.Tests\DdsMonitor.Avalonia.FeatureDemoPlugin.Tests.csproj", "{E2C4A6B8-0D1E-4F30-A7B9-234567890ABC}"
EndProject
Global
	GlobalSection(SolutionConfigurationPlatforms) = preSolution
		Debug|Any CPU = Debug|Any CPU
		Debug|x64 = Debug|x64
		Debug|x86 = Debug|x86
		Release|Any CPU = Release|Any CPU
		Release|x64 = Release|x64
		Release|x86 = Release|x86
	EndGlobalSection
	GlobalSection(ProjectConfigurationPlatforms) = postSolution
		{D482EAB7-A89E-4246-9255-85174D47F06B}.Debug|Any CPU.ActiveCfg = Debug|Any CPU
		{D482EAB7-A89E-4246-9255-85174D47F06B}.Debug|Any CPU.Build.0 = Debug|Any CPU
		{D482EAB7-A89E-4246-9255-85174D47F06B}.Debug|x64.ActiveCfg = Debug|Any CPU
		{D482EAB7-A89E-4246-9255-85174D47F06B}.Debug|x64.Build.0 = Debug|Any CPU
		{D482EAB7-A89E-4246-9255-85174D47F06B}.Debug|x86.ActiveCfg = Debug|Any CPU
		{D482EAB7-A89E-4246-9255-85174D47F06B}.Debug|x86.Build.0 = Debug|Any CPU
		{D482EAB7-A89E-4246-9255-85174D47F06B}.Release|Any CPU.ActiveCfg = Release|Any CPU
		{D482EAB7-A89E-4246-9255-85174D47F06B}.Release|Any CPU.Build.0 = Release|Any CPU
		{D482EAB7-A89E-4246-9255-85174D47F06B}.Release|x64.ActiveCfg = Release|Any CPU
		{D482EAB7-A89E-4246-9255-85174D47F06B}.Release|x64.Build.0 = Release|Any CPU
		{D482EAB7-A89E-4246-9255-85174D47F06B}.Release|x86.ActiveCfg = Release|Any CPU
		{D482EAB7-A89E-4246-9255-85174D47F06B}.Release|x86.Build.0 = Release|Any CPU
		{BF07E2E1-06B5-49BC-AC57-85E4EFBAB707}.Debug|Any CPU.ActiveCfg = Debug|Any CPU
		{BF07E2E1-06B5-49BC-AC57-85E4EFBAB707}.Debug|Any CPU.Build.0 = Debug|Any CPU
		{BF07E2E1-06B5-49BC-AC57-85E4EFBAB707}.Debug|x64.ActiveCfg = Debug|Any CPU
		{BF07E2E1-06B5-49BC-AC57-85E4EFBAB707}.Debug|x64.Build.0 = Debug|Any CPU
		{BF07E2E1-06B5-49BC-AC57-85E4EFBAB707}.Debug|x86.ActiveCfg = Debug|Any CPU
		{BF07E2E1-06B5-49BC-AC57-85E4EFBAB707}.Debug|x86.Build.0 = Debug|Any CPU
		{BF07E2E1-06B5-49BC-AC57-85E4EFBAB707}.Release|Any CPU.ActiveCfg = Release|Any CPU
		{BF07E2E1-06B5-49BC-AC57-85E4EFBAB707}.Release|Any CPU.Build.0 = Release|Any CPU
		{BF07E2E1-06B5-49BC-AC57-85E4EFBAB707}.Release|x64.ActiveCfg = Release|Any CPU
		{BF07E2E1-06B5-49BC-AC57-85E4EFBAB707}.Release|x64.Build.0 = Release|Any CPU
		{BF07E2E1-06B5-49BC-AC57-85E4EFBAB707}.Release|x86.ActiveCfg = Release|Any CPU
		{BF07E2E1-06B5-49BC-AC57-85E4EFBAB707}.Release|x86.Build.0 = Release|Any CPU
		{94162A3F-8156-4B26-BEFC-44889049A4AA}.Debug|Any CPU.ActiveCfg = Debug|Any CPU
		{94162A3F-8156-4B26-BEFC-44889049A4AA}.Debug|Any CPU.Build.0 = Debug|Any CPU
		{94162A3F-8156-4B26-BEFC-44889049A4AA}.Debug|x64.ActiveCfg = Debug|Any CPU
		{94162A3F-8156-4B26-BEFC-44889049A4AA}.Debug|x64.Build.0 = Debug|Any CPU
		{94162A3F-8156-4B26-BEFC-44889049A4AA}.Debug|x86.ActiveCfg = Debug|Any CPU
		{94162A3F-8156-4B26-BEFC-44889049A4AA}.Debug|x86.Build.0 = Debug|Any CPU
		{94162A3F-8156-4B26-BEFC-44889049A4AA}.Release|Any CPU.ActiveCfg = Release|Any CPU
		{94162A3F-8156-4B26-BEFC-44889049A4AA}.Release|Any CPU.Build.0 = Release|Any CPU
		{94162A3F-8156-4B26-BEFC-44889049A4AA}.Release|x64.ActiveCfg = Release|Any CPU
		{94162A3F-8156-4B26-BEFC-44889049A4AA}.Release|x64.Build.0 = Release|Any CPU
		{94162A3F-8156-4B26-BEFC-44889049A4AA}.Release|x86.ActiveCfg = Release|Any CPU
		{94162A3F-8156-4B26-BEFC-44889049A4AA}.Release|x86.Build.0 = Release|Any CPU
		{32497CA2-604E-4518-B9F7-92EE48041411}.Debug|Any CPU.ActiveCfg = Debug|Any CPU
		{32497CA2-604E-4518-B9F7-92EE48041411}.Debug|Any CPU.Build.0 = Debug|Any CPU
		{32497CA2-604E-4518-B9F7-92EE48041411}.Debug|x64.ActiveCfg = Debug|Any CPU
		{32497CA2-604E-4518-B9F7-92EE48041411}.Debug|x64.Build.0 = Debug|Any CPU
		{32497CA2-604E-4518-B9F7-92EE48041411}.Debug|x86.ActiveCfg = Debug|Any CPU
		{32497CA2-604E-4518-B9F7-92EE48041411}.Debug|x86.Build.0 = Debug|Any CPU
		{32497CA2-604E-4518-B9F7-92EE48041411}.Release|Any CPU.ActiveCfg = Release|Any CPU
		{32497CA2-604E-4518-B9F7-92EE48041411}.Release|Any CPU.Build.0 = Release|Any CPU
		{32497CA2-604E-4518-B9F7-92EE48041411}.Release|x64.ActiveCfg = Release|Any CPU
		{32497CA2-604E-4518-B9F7-92EE48041411}.Release|x64.Build.0 = Release|Any CPU
		{32497CA2-604E-4518-B9F7-92EE48041411}.Release|x86.ActiveCfg = Release|Any CPU
		{32497CA2-604E-4518-B9F7-92EE48041411}.Release|x86.Build.0 = Release|Any CPU
		{2E725A93-1D36-4265-BF47-E7FC69C1BC1D}.Debug|Any CPU.ActiveCfg = Debug|Any CPU
		{2E725A93-1D36-4265-BF47-E7FC69C1BC1D}.Debug|Any CPU.Build.0 = Debug|Any CPU
		{2E725A93-1D36-4265-BF47-E7FC69C1BC1D}.Debug|x64.ActiveCfg = Debug|Any CPU
		{2E725A93-1D36-4265-BF47-E7FC69C1BC1D}.Debug|x64.Build.0 = Debug|Any CPU
		{2E725A93-1D36-4265-BF47-E7FC69C1BC1D}.Debug|x86.ActiveCfg = Debug|Any CPU
		{2E725A93-1D36-4265-BF47-E7FC69C1BC1D}.Debug|x86.Build.0 = Debug|Any CPU
		{2E725A93-1D36-4265-BF47-E7FC69C1BC1D}.Release|Any CPU.ActiveCfg = Release|Any CPU
		{2E725A93-1D36-4265-BF47-E7FC69C1BC1D}.Release|Any CPU.Build.0 = Release|Any CPU
		{2E725A93-1D36-4265-BF47-E7FC69C1BC1D}.Release|x64.ActiveCfg = Release|Any CPU
		{2E725A93-1D36-4265-BF47-E7FC69C1BC1D}.Release|x64.Build.0 = Release|Any CPU
		{2E725A93-1D36-4265-BF47-E7FC69C1BC1D}.Release|x86.ActiveCfg = Release|Any CPU
		{2E725A93-1D36-4265-BF47-E7FC69C1BC1D}.Release|x86.Build.0 = Release|Any CPU
		{643461F2-41C0-4FE1-A5B2-31A07EA9D7C0}.Debug|Any CPU.ActiveCfg = Debug|Any CPU
		{643461F2-41C0-4FE1-A5B2-31A07EA9D7C0}.Debug|Any CPU.Build.0 = Debug|Any CPU
		{643461F2-41C0-4FE1-A5B2-31A07EA9D7C0}.Debug|x64.ActiveCfg = Debug|Any CPU
		{643461F2-41C0-4FE1-A5B2-31A07EA9D7C0}.Debug|x64.Build.0 = Debug|Any CPU
		{643461F2-41C0-4FE1-A5B2-31A07EA9D7C0}.Debug|x86.ActiveCfg = Debug|Any CPU
		{643461F2-41C0-4FE1-A5B2-31A07EA9D7C0}.Debug|x86.Build.0 = Debug|Any CPU
		{643461F2-41C0-4FE1-A5B2-31A07EA9D7C0}.Release|Any CPU.ActiveCfg = Release|Any CPU
		{643461F2-41C0-4FE1-A5B2-31A07EA9D7C0}.Release|Any CPU.Build.0 = Release|Any CPU
		{643461F2-41C0-4FE1-A5B2-31A07EA9D7C0}.Release|x64.ActiveCfg = Release|Any CPU
		{643461F2-41C0-4FE1-A5B2-31A07EA9D7C0}.Release|x64.Build.0 = Release|Any CPU
		{643461F2-41C0-4FE1-A5B2-31A07EA9D7C0}.Release|x86.ActiveCfg = Release|Any CPU
		{643461F2-41C0-4FE1-A5B2-31A07EA9D7C0}.Release|x86.Build.0 = Release|Any CPU
		{2E2D8B61-8D11-4E68-9A5A-4EB9E6B4F1C0}.Debug|Any CPU.ActiveCfg = Debug|Any CPU
		{2E2D8B61-8D11-4E68-9A5A-4EB9E6B4F1C0}.Debug|Any CPU.Build.0 = Debug|Any CPU
		{2E2D8B61-8D11-4E68-9A5A-4EB9E6B4F1C0}.Debug|x64.ActiveCfg = Debug|Any CPU
		{2E2D8B61-8D11-4E68-9A5A-4EB9E6B4F1C0}.Debug|x64.Build.0 = Debug|Any CPU
		{2E2D8B61-8D11-4E68-9A5A-4EB9E6B4F1C0}.Debug|x86.ActiveCfg = Debug|Any CPU
		{2E2D8B61-8D11-4E68-9A5A-4EB9E6B4F1C0}.Debug|x86.Build.0 = Debug|Any CPU
		{2E2D8B61-8D11-4E68-9A5A-4EB9E6B4F1C0}.Release|Any CPU.ActiveCfg = Release|Any CPU
		{2E2D8B61-8D11-4E68-9A5A-4EB9E6B4F1C0}.Release|Any CPU.Build.0 = Release|Any CPU
		{2E2D8B61-8D11-4E68-9A5A-4EB9E6B4F1C0}.Release|x64.ActiveCfg = Release|Any CPU
		{2E2D8B61-8D11-4E68-9A5A-4EB9E6B4F1C0}.Release|x64.Build.0 = Release|Any CPU
		{2E2D8B61-8D11-4E68-9A5A-4EB9E6B4F1C0}.Release|x86.ActiveCfg = Release|Any CPU
		{2E2D8B61-8D11-4E68-9A5A-4EB9E6B4F1C0}.Release|x86.Build.0 = Release|Any CPU
		{8E45B8B6-47C7-4C03-9AF2-2B01F5C5F6A2}.Debug|Any CPU.ActiveCfg = Debug|Any CPU
		{8E45B8B6-47C7-4C03-9AF2-2B01F5C5F6A2}.Debug|Any CPU.Build.0 = Debug|Any CPU
		{8E45B8B6-47C7-4C03-9AF2-2B01F5C5F6A2}.Debug|x64.ActiveCfg = Debug|Any CPU
		{8E45B8B6-47C7-4C03-9AF2-2B01F5C5F6A2}.Debug|x64.Build.0 = Debug|Any CPU
		{8E45B8B6-47C7-4C03-9AF2-2B01F5C5F6A2}.Debug|x86.ActiveCfg = Debug|Any CPU
		{8E45B8B6-47C7-4C03-9AF2-2B01F5C5F6A2}.Debug|x86.Build.0 = Debug|Any CPU
		{8E45B8B6-47C7-4C03-9AF2-2B01F5C5F6A2}.Release|Any CPU.ActiveCfg = Release|Any CPU
		{8E45B8B6-47C7-4C03-9AF2-2B01F5C5F6A2}.Release|Any CPU.Build.0 = Release|Any CPU
		{8E45B8B6-47C7-4C03-9AF2-2B01F5C5F6A2}.Release|x64.ActiveCfg = Release|Any CPU
		{8E45B8B6-47C7-4C03-9AF2-2B01F5C5F6A2}.Release|x64.Build.0 = Release|Any CPU
		{8E45B8B6-47C7-4C03-9AF2-2B01F5C5F6A2}.Release|x86.ActiveCfg = Release|Any CPU
		{8E45B8B6-47C7-4C03-9AF2-2B01F5C5F6A2}.Release|x86.Build.0 = Release|Any CPU
		{3C7FE623-2F60-4E29-8EB8-54AF50DD2B9F}.Debug|Any CPU.ActiveCfg = Debug|Any CPU
		{3C7FE623-2F60-4E29-8EB8-54AF50DD2B9F}.Debug|Any CPU.Build.0 = Debug|Any CPU
		{3C7FE623-2F60-4E29-8EB8-54AF50DD2B9F}.Debug|x64.ActiveCfg = Debug|Any CPU
		{3C7FE623-2F60-4E29-8EB8-54AF50DD2B9F}.Debug|x64.Build.0 = Debug|Any CPU
		{3C7FE623-2F60-4E29-8EB8-54AF50DD2B9F}.Debug|x86.ActiveCfg = Debug|Any CPU
		{3C7FE623-2F60-4E29-8EB8-54AF50DD2B9F}.Debug|x86.Build.0 = Debug|Any CPU
		{3C7FE623-2F60-4E29-8EB8-54AF50DD2B9F}.Release|Any CPU.ActiveCfg = Release|Any CPU
		{3C7FE623-2F60-4E29-8EB8-54AF50DD2B9F}.Release|Any CPU.Build.0 = Release|Any CPU
		{3C7FE623-2F60-4E29-8EB8-54AF50DD2B9F}.Release|x64.ActiveCfg = Release|Any CPU
		{3C7FE623-2F60-4E29-8EB8-54AF50DD2B9F}.Release|x64.Build.0 = Release|Any CPU
		{3C7FE623-2F60-4E29-8EB8-54AF50DD2B9F}.Release|x86.ActiveCfg = Release|Any CPU
		{3C7FE623-2F60-4E29-8EB8-54AF50DD2B9F}.Release|x86.Build.0 = Release|Any CPU
		{BD9B3710-CB42-4EAA-85AE-647F1D2A1BB4}.Debug|Any CPU.ActiveCfg = Debug|Any CPU
		{BD9B3710-CB42-4EAA-85AE-647F1D2A1BB4}.Debug|Any CPU.Build.0 = Debug|Any CPU
		{BD9B3710-CB42-4EAA-85AE-647F1D2A1BB4}.Debug|x64.ActiveCfg = Debug|Any CPU
		{BD9B3710-CB42-4EAA-85AE-647F1D2A1BB4}.Debug|x64.Build.0 = Debug|Any CPU
		{BD9B3710-CB42-4EAA-85AE-647F1D2A1BB4}.Debug|x86.ActiveCfg = Debug|Any CPU
		{BD9B3710-CB42-4EAA-85AE-647F1D2A1BB4}.Debug|x86.Build.0 = Debug|Any CPU
		{BD9B3710-CB42-4EAA-85AE-647F1D2A1BB4}.Release|Any CPU.ActiveCfg = Release|Any CPU
		{BD9B3710-CB42-4EAA-85AE-647F1D2A1BB4}.Release|Any CPU.Build.0 = Release|Any CPU
		{BD9B3710-CB42-4EAA-85AE-647F1D2A1BB4}.Release|x64.ActiveCfg = Release|Any CPU
		{BD9B3710-CB42-4EAA-85AE-647F1D2A1BB4}.Release|x64.Build.0 = Release|Any CPU
		{BD9B3710-CB42-4EAA-85AE-647F1D2A1BB4}.Release|x86.ActiveCfg = Release|Any CPU
		{BD9B3710-CB42-4EAA-85AE-647F1D2A1BB4}.Release|x86.Build.0 = Release|Any CPU
		{B2575728-8AB4-48D4-B52B-FC27A6DA8283}.Debug|Any CPU.ActiveCfg = Debug|Any CPU
		{B2575728-8AB4-48D4-B52B-FC27A6DA8283}.Debug|Any CPU.Build.0 = Debug|Any CPU
		{B2575728-8AB4-48D4-B52B-FC27A6DA8283}.Debug|x64.ActiveCfg = Debug|Any CPU
		{B2575728-8AB4-48D4-B52B-FC27A6DA8283}.Debug|x64.Build.0 = Debug|Any CPU
		{B2575728-8AB4-48D4-B52B-FC27A6DA8283}.Debug|x86.ActiveCfg = Debug|Any CPU
		{B2575728-8AB4-48D4-B52B-FC27A6DA8283}.Debug|x86.Build.0 = Debug|Any CPU
		{B2575728-8AB4-48D4-B52B-FC27A6DA8283}.Release|Any CPU.ActiveCfg = Release|Any CPU
		{B2575728-8AB4-48D4-B52B-FC27A6DA8283}.Release|Any CPU.Build.0 = Release|Any CPU
		{B2575728-8AB4-48D4-B52B-FC27A6DA8283}.Release|x64.ActiveCfg = Release|Any CPU
		{B2575728-8AB4-48D4-B52B-FC27A6DA8283}.Release|x64.Build.0 = Release|Any CPU
		{B2575728-8AB4-48D4-B52B-FC27A6DA8283}.Release|x86.ActiveCfg = Release|Any CPU
		{B2575728-8AB4-48D4-B52B-FC27A6DA8283}.Release|x86.Build.0 = Release|Any CPU
		{E07B2D8B-E471-4B95-9746-49BADA2D2921}.Debug|Any CPU.ActiveCfg = Debug|Any CPU
		{E07B2D8B-E471-4B95-9746-49BADA2D2921}.Debug|Any CPU.Build.0 = Debug|Any CPU
		{E07B2D8B-E471-4B95-9746-49BADA2D2921}.Debug|x64.ActiveCfg = Debug|Any CPU
		{E07B2D8B-E471-4B95-9746-49BADA2D2921}.Debug|x64.Build.0 = Debug|Any CPU
		{E07B2D8B-E471-4B95-9746-49BADA2D2921}.Debug|x86.ActiveCfg = Debug|Any CPU
		{E07B2D8B-E471-4B95-9746-49BADA2D2921}.Debug|x86.Build.0 = Debug|Any CPU
		{E07B2D8B-E471-4B95-9746-49BADA2D2921}.Release|Any CPU.ActiveCfg = Release|Any CPU
		{E07B2D8B-E471-4B95-9746-49BADA2D2921}.Release|Any CPU.Build.0 = Release|Any CPU
		{E07B2D8B-E471-4B95-9746-49BADA2D2921}.Release|x64.ActiveCfg = Release|Any CPU
		{E07B2D8B-E471-4B95-9746-49BADA2D2921}.Release|x64.Build.0 = Release|Any CPU
		{E07B2D8B-E471-4B95-9746-49BADA2D2921}.Release|x86.ActiveCfg = Release|Any CPU
		{E07B2D8B-E471-4B95-9746-49BADA2D2921}.Release|x86.Build.0 = Release|Any CPU
		{584B8681-CE80-4F3F-A0ED-B01F678A85AC}.Debug|Any CPU.ActiveCfg = Debug|Any CPU
		{584B8681-CE80-4F3F-A0ED-B01F678A85AC}.Debug|Any CPU.Build.0 = Debug|Any CPU
		{584B8681-CE80-4F3F-A0ED-B01F678A85AC}.Debug|x64.ActiveCfg = Debug|Any CPU
		{584B8681-CE80-4F3F-A0ED-B01F678A85AC}.Debug|x64.Build.0 = Debug|Any CPU
		{584B8681-CE80-4F3F-A0ED-B01F678A85AC}.Debug|x86.ActiveCfg = Debug|Any CPU
		{584B8681-CE80-4F3F-A0ED-B01F678A85AC}.Debug|x86.Build.0 = Debug|Any CPU
		{584B8681-CE80-4F3F-A0ED-B01F678A85AC}.Release|Any CPU.ActiveCfg = Release|Any CPU
		{584B8681-CE80-4F3F-A0ED-B01F678A85AC}.Release|Any CPU.Build.0 = Release|Any CPU
		{584B8681-CE80-4F3F-A0ED-B01F678A85AC}.Release|x64.ActiveCfg = Release|Any CPU
		{584B8681-CE80-4F3F-A0ED-B01F678A85AC}.Release|x64.Build.0 = Release|Any CPU
		{584B8681-CE80-4F3F-A0ED-B01F678A85AC}.Release|x86.ActiveCfg = Release|Any CPU
		{584B8681-CE80-4F3F-A0ED-B01F678A85AC}.Release|x86.Build.0 = Release|Any CPU
		{875AE965-CFCF-4228-8185-D6E015BE0FEF}.Debug|Any CPU.ActiveCfg = Debug|Any CPU
		{875AE965-CFCF-4228-8185-D6E015BE0FEF}.Debug|Any CPU.Build.0 = Debug|Any CPU
		{875AE965-CFCF-4228-8185-D6E015BE0FEF}.Debug|x64.ActiveCfg = Debug|Any CPU
		{875AE965-CFCF-4228-8185-D6E015BE0FEF}.Debug|x64.Build.0 = Debug|Any CPU
		{875AE965-CFCF-4228-8185-D6E015BE0FEF}.Debug|x86.ActiveCfg = Debug|Any CPU
		{875AE965-CFCF-4228-8185-D6E015BE0FEF}.Debug|x86.Build.0 = Debug|Any CPU
		{875AE965-CFCF-4228-8185-D6E015BE0FEF}.Release|Any CPU.ActiveCfg = Release|Any CPU
		{875AE965-CFCF-4228-8185-D6E015BE0FEF}.Release|Any CPU.Build.0 = Release|Any CPU
		{875AE965-CFCF-4228-8185-D6E015BE0FEF}.Release|x64.ActiveCfg = Release|Any CPU
		{875AE965-CFCF-4228-8185-D6E015BE0FEF}.Release|x64.Build.0 = Release|Any CPU
		{875AE965-CFCF-4228-8185-D6E015BE0FEF}.Release|x86.ActiveCfg = Release|Any CPU
		{875AE965-CFCF-4228-8185-D6E015BE0FEF}.Release|x86.Build.0 = Release|Any CPU
		{89D38622-8964-41D5-8B95-5EF34F8FB553}.Debug|Any CPU.ActiveCfg = Debug|Any CPU
		{89D38622-8964-41D5-8B95-5EF34F8FB553}.Debug|Any CPU.Build.0 = Debug|Any CPU
		{89D38622-8964-41D5-8B95-5EF34F8FB553}.Debug|x64.ActiveCfg = Debug|Any CPU
		{89D38622-8964-41D5-8B95-5EF34F8FB553}.Debug|x64.Build.0 = Debug|Any CPU
		{89D38622-8964-41D5-8B95-5EF34F8FB553}.Debug|x86.ActiveCfg = Debug|Any CPU
		{89D38622-8964-41D5-8B95-5EF34F8FB553}.Debug|x86.Build.0 = Debug|Any CPU
		{89D38622-8964-41D5-8B95-5EF34F8FB553}.Release|Any CPU.ActiveCfg = Release|Any CPU
		{89D38622-8964-41D5-8B95-5EF34F8FB553}.Release|Any CPU.Build.0 = Release|Any CPU
		{89D38622-8964-41D5-8B95-5EF34F8FB553}.Release|x64.ActiveCfg = Release|Any CPU
		{89D38622-8964-41D5-8B95-5EF34F8FB553}.Release|x64.Build.0 = Release|Any CPU
		{89D38622-8964-41D5-8B95-5EF34F8FB553}.Release|x86.ActiveCfg = Release|Any CPU
		{89D38622-8964-41D5-8B95-5EF34F8FB553}.Release|x86.Build.0 = Release|Any CPU
		{1A55BB8F-7080-404F-AA0E-60918BA90AFA}.Debug|Any CPU.ActiveCfg = Debug|Any CPU
		{1A55BB8F-7080-404F-AA0E-60918BA90AFA}.Debug|Any CPU.Build.0 = Debug|Any CPU
		{1A55BB8F-7080-404F-AA0E-60918BA90AFA}.Debug|x64.ActiveCfg = Debug|Any CPU
		{1A55BB8F-7080-404F-AA0E-60918BA90AFA}.Debug|x64.Build.0 = Debug|Any CPU
		{1A55BB8F-7080-404F-AA0E-60918BA90AFA}.Debug|x86.ActiveCfg = Debug|Any CPU
		{1A55BB8F-7080-404F-AA0E-60918BA90AFA}.Debug|x86.Build.0 = Debug|Any CPU
		{1A55BB8F-7080-404F-AA0E-60918BA90AFA}.Release|Any CPU.ActiveCfg = Release|Any CPU
		{1A55BB8F-7080-404F-AA0E-60918BA90AFA}.Release|Any CPU.Build.0 = Release|Any CPU
		{1A55BB8F-7080-404F-AA0E-60918BA90AFA}.Release|x64.ActiveCfg = Release|Any CPU
		{1A55BB8F-7080-404F-AA0E-60918BA90AFA}.Release|x64.Build.0 = Release|Any CPU
		{1A55BB8F-7080-404F-AA0E-60918BA90AFA}.Release|x86.ActiveCfg = Release|Any CPU
		{1A55BB8F-7080-404F-AA0E-60918BA90AFA}.Release|x86.Build.0 = Release|Any CPU
		{5AB8FA4C-EED0-47B5-8180-45CE310781E3}.Debug|Any CPU.ActiveCfg = Debug|Any CPU
		{5AB8FA4C-EED0-47B5-8180-45CE310781E3}.Debug|Any CPU.Build.0 = Debug|Any CPU
		{5AB8FA4C-EED0-47B5-8180-45CE310781E3}.Debug|x64.ActiveCfg = Debug|Any CPU
		{5AB8FA4C-EED0-47B5-8180-45CE310781E3}.Debug|x64.Build.0 = Debug|Any CPU
		{5AB8FA4C-EED0-47B5-8180-45CE310781E3}.Debug|x86.ActiveCfg = Debug|Any CPU
		{5AB8FA4C-EED0-47B5-8180-45CE310781E3}.Debug|x86.Build.0 = Debug|Any CPU
		{5AB8FA4C-EED0-47B5-8180-45CE310781E3}.Release|Any CPU.ActiveCfg = Release|Any CPU
		{5AB8FA4C-EED0-47B5-8180-45CE310781E3}.Release|Any CPU.Build.0 = Release|Any CPU
		{5AB8FA4C-EED0-47B5-8180-45CE310781E3}.Release|x64.ActiveCfg = Release|Any CPU
		{5AB8FA4C-EED0-47B5-8180-45CE310781E3}.Release|x64.Build.0 = Release|Any CPU
		{5AB8FA4C-EED0-47B5-8180-45CE310781E3}.Release|x86.ActiveCfg = Release|Any CPU
		{5AB8FA4C-EED0-47B5-8180-45CE310781E3}.Release|x86.Build.0 = Release|Any CPU
		{0E69798E-3638-87CE-A8B3-FC3ABF0094E1}.Debug|Any CPU.ActiveCfg = Debug|Any CPU
		{0E69798E-3638-87CE-A8B3-FC3ABF0094E1}.Debug|Any CPU.Build.0 = Debug|Any CPU
		{0E69798E-3638-87CE-A8B3-FC3ABF0094E1}.Debug|x64.ActiveCfg = Debug|Any CPU
		{0E69798E-3638-87CE-A8B3-FC3ABF0094E1}.Debug|x64.Build.0 = Debug|Any CPU
		{0E69798E-3638-87CE-A8B3-FC3ABF0094E1}.Debug|x86.ActiveCfg = Debug|Any CPU
		{0E69798E-3638-87CE-A8B3-FC3ABF0094E1}.Debug|x86.Build.0 = Debug|Any CPU
		{0E69798E-3638-87CE-A8B3-FC3ABF0094E1}.Release|Any CPU.ActiveCfg = Release|Any CPU
		{0E69798E-3638-87CE-A8B3-FC3ABF0094E1}.Release|Any CPU.Build.0 = Release|Any CPU
		{0E69798E-3638-87CE-A8B3-FC3ABF0094E1}.Release|x64.ActiveCfg = Release|Any CPU
		{0E69798E-3638-87CE-A8B3-FC3ABF0094E1}.Release|x64.Build.0 = Release|Any CPU
		{0E69798E-3638-87CE-A8B3-FC3ABF0094E1}.Release|x86.ActiveCfg = Release|Any CPU
		{0E69798E-3638-87CE-A8B3-FC3ABF0094E1}.Release|x86.Build.0 = Release|Any CPU
		{6603E4F2-116F-C3D8-D231-C49D71D03F3A}.Debug|Any CPU.ActiveCfg = Debug|Any CPU
		{6603E4F2-116F-C3D8-D231-C49D71D03F3A}.Debug|Any CPU.Build.0 = Debug|Any CPU
		{6603E4F2-116F-C3D8-D231-C49D71D03F3A}.Debug|x64.ActiveCfg = Debug|Any CPU
		{6603E4F2-116F-C3D8-D231-C49D71D03F3A}.Debug|x64.Build.0 = Debug|Any CPU
		{6603E4F2-116F-C3D8-D231-C49D71D03F3A}.Debug|x86.ActiveCfg = Debug|Any CPU
		{6603E4F2-116F-C3D8-D231-C49D71D03F3A}.Debug|x86.Build.0 = Debug|Any CPU
		{6603E4F2-116F-C3D8-D231-C49D71D03F3A}.Release|Any CPU.ActiveCfg = Release|Any CPU
		{6603E4F2-116F-C3D8-D231-C49D71D03F3A}.Release|Any CPU.Build.0 = Release|Any CPU
		{6603E4F2-116F-C3D8-D231-C49D71D03F3A}.Release|x64.ActiveCfg = Release|Any CPU
		{6603E4F2-116F-C3D8-D231-C49D71D03F3A}.Release|x64.Build.0 = Release|Any CPU
		{6603E4F2-116F-C3D8-D231-C49D71D03F3A}.Release|x86.ActiveCfg = Release|Any CPU
		{6603E4F2-116F-C3D8-D231-C49D71D03F3A}.Release|x86.Build.0 = Release|Any CPU
		{B65DC788-0CF5-A10A-53D5-F2824E679416}.Debug|Any CPU.ActiveCfg = Debug|Any CPU
		{B65DC788-0CF5-A10A-53D5-F2824E679416}.Debug|Any CPU.Build.0 = Debug|Any CPU
		{B65DC788-0CF5-A10A-53D5-F2824E679416}.Debug|x64.ActiveCfg = Debug|Any CPU
		{B65DC788-0CF5-A10A-53D5-F2824E679416}.Debug|x64.Build.0 = Debug|Any CPU
		{B65DC788-0CF5-A10A-53D5-F2824E679416}.Debug|x86.ActiveCfg = Debug|Any CPU
		{B65DC788-0CF5-A10A-53D5-F2824E679416}.Debug|x86.Build.0 = Debug|Any CPU
		{B65DC788-0CF5-A10A-53D5-F2824E679416}.Release|Any CPU.ActiveCfg = Release|Any CPU
		{B65DC788-0CF5-A10A-53D5-F2824E679416}.Release|Any CPU.Build.0 = Release|Any CPU
		{B65DC788-0CF5-A10A-53D5-F2824E679416}.Release|x64.ActiveCfg = Release|Any CPU
		{B65DC788-0CF5-A10A-53D5-F2824E679416}.Release|x64.Build.0 = Release|Any CPU
		{B65DC788-0CF5-A10A-53D5-F2824E679416}.Release|x86.ActiveCfg = Release|Any CPU
		{B65DC788-0CF5-A10A-53D5-F2824E679416}.Release|x86.Build.0 = Release|Any CPU
		{B4C350DC-B8F5-EFE6-5EB4-80B321D381A6}.Debug|Any CPU.ActiveCfg = Debug|Any CPU
		{B4C350DC-B8F5-EFE6-5EB4-80B321D381A6}.Debug|Any CPU.Build.0 = Debug|Any CPU
		{B4C350DC-B8F5-EFE6-5EB4-80B321D381A6}.Debug|x64.ActiveCfg = Debug|Any CPU
		{B4C350DC-B8F5-EFE6-5EB4-80B321D381A6}.Debug|x64.Build.0 = Debug|Any CPU
		{B4C350DC-B8F5-EFE6-5EB4-80B321D381A6}.Debug|x86.ActiveCfg = Debug|Any CPU
		{B4C350DC-B8F5-EFE6-5EB4-80B321D381A6}.Debug|x86.Build.0 = Debug|Any CPU
		{B4C350DC-B8F5-EFE6-5EB4-80B321D381A6}.Release|Any CPU.ActiveCfg = Release|Any CPU
		{B4C350DC-B8F5-EFE6-5EB4-80B321D381A6}.Release|Any CPU.Build.0 = Release|Any CPU
		{B4C350DC-B8F5-EFE6-5EB4-80B321D381A6}.Release|x64.ActiveCfg = Release|Any CPU
		{B4C350DC-B8F5-EFE6-5EB4-80B321D381A6}.Release|x64.Build.0 = Release|Any CPU
		{B4C350DC-B8F5-EFE6-5EB4-80B321D381A6}.Release|x86.ActiveCfg = Release|Any CPU
		{B4C350DC-B8F5-EFE6-5EB4-80B321D381A6}.Release|x86.Build.0 = Release|Any CPU
		{2934F9FB-7DCF-1B48-5CDD-9487F3377068}.Debug|Any CPU.ActiveCfg = Debug|Any CPU
		{2934F9FB-7DCF-1B48-5CDD-9487F3377068}.Debug|Any CPU.Build.0 = Debug|Any CPU
		{2934F9FB-7DCF-1B48-5CDD-9487F3377068}.Debug|x64.ActiveCfg = Debug|Any CPU
		{2934F9FB-7DCF-1B48-5CDD-9487F3377068}.Debug|x64.Build.0 = Debug|Any CPU
		{2934F9FB-7DCF-1B48-5CDD-9487F3377068}.Debug|x86.ActiveCfg = Debug|Any CPU
		{2934F9FB-7DCF-1B48-5CDD-9487F3377068}.Debug|x86.Build.0 = Debug|Any CPU
		{2934F9FB-7DCF-1B48-5CDD-9487F3377068}.Release|Any CPU.ActiveCfg = Release|Any CPU
		{2934F9FB-7DCF-1B48-5CDD-9487F3377068}.Release|Any CPU.Build.0 = Release|Any CPU
		{2934F9FB-7DCF-1B48-5CDD-9487F3377068}.Release|x64.ActiveCfg = Release|Any CPU
		{2934F9FB-7DCF-1B48-5CDD-9487F3377068}.Release|x64.Build.0 = Release|Any CPU
		{2934F9FB-7DCF-1B48-5CDD-9487F3377068}.Release|x86.ActiveCfg = Release|Any CPU
		{2934F9FB-7DCF-1B48-5CDD-9487F3377068}.Release|x86.Build.0 = Release|Any CPU
		{86069ECF-8602-4D87-9C3F-BC64E98842EC}.Debug|Any CPU.ActiveCfg = Debug|Any CPU
		{86069ECF-8602-4D87-9C3F-BC64E98842EC}.Debug|Any CPU.Build.0 = Debug|Any CPU
		{86069ECF-8602-4D87-9C3F-BC64E98842EC}.Debug|x64.ActiveCfg = Debug|Any CPU
		{86069ECF-8602-4D87-9C3F-BC64E98842EC}.Debug|x64.Build.0 = Debug|Any CPU
		{86069ECF-8602-4D87-9C3F-BC64E98842EC}.Debug|x86.ActiveCfg = Debug|Any CPU
		{86069ECF-8602-4D87-9C3F-BC64E98842EC}.Debug|x86.Build.0 = Debug|Any CPU
		{86069ECF-8602-4D87-9C3F-BC64E98842EC}.Release|Any CPU.ActiveCfg = Release|Any CPU
		{86069ECF-8602-4D87-9C3F-BC64E98842EC}.Release|Any CPU.Build.0 = Release|Any CPU
		{86069ECF-8602-4D87-9C3F-BC64E98842EC}.Release|x64.ActiveCfg = Release|Any CPU
		{86069ECF-8602-4D87-9C3F-BC64E98842EC}.Release|x64.Build.0 = Release|Any CPU
		{86069ECF-8602-4D87-9C3F-BC64E98842EC}.Release|x86.ActiveCfg = Release|Any CPU
		{86069ECF-8602-4D87-9C3F-BC64E98842EC}.Release|x86.Build.0 = Release|Any CPU
		{3CEE700B-8E85-46B0-92FA-090D124E66F0}.Debug|Any CPU.ActiveCfg = Debug|Any CPU
		{3CEE700B-8E85-46B0-92FA-090D124E66F0}.Debug|Any CPU.Build.0 = Debug|Any CPU
		{3CEE700B-8E85-46B0-92FA-090D124E66F0}.Debug|x64.ActiveCfg = Debug|Any CPU
		{3CEE700B-8E85-46B0-92FA-090D124E66F0}.Debug|x64.Build.0 = Debug|Any CPU
		{3CEE700B-8E85-46B0-92FA-090D124E66F0}.Debug|x86.ActiveCfg = Debug|Any CPU
		{3CEE700B-8E85-46B0-92FA-090D124E66F0}.Debug|x86.Build.0 = Debug|Any CPU
		{3CEE700B-8E85-46B0-92FA-090D124E66F0}.Release|Any CPU.ActiveCfg = Release|Any CPU
		{3CEE700B-8E85-46B0-92FA-090D124E66F0}.Release|Any CPU.Build.0 = Release|Any CPU
		{3CEE700B-8E85-46B0-92FA-090D124E66F0}.Release|x64.ActiveCfg = Release|Any CPU
		{3CEE700B-8E85-46B0-92FA-090D124E66F0}.Release|x64.Build.0 = Release|Any CPU
		{3CEE700B-8E85-46B0-92FA-090D124E66F0}.Release|x86.ActiveCfg = Release|Any CPU
		{3CEE700B-8E85-46B0-92FA-090D124E66F0}.Release|x86.Build.0 = Release|Any CPU
		{DF752026-D328-4244-90AD-7C5C85E45E7C}.Debug|Any CPU.ActiveCfg = Debug|Any CPU
		{DF752026-D328-4244-90AD-7C5C85E45E7C}.Debug|Any CPU.Build.0 = Debug|Any CPU
		{DF752026-D328-4244-90AD-7C5C85E45E7C}.Debug|x64.ActiveCfg = Debug|Any CPU
		{DF752026-D328-4244-90AD-7C5C85E45E7C}.Debug|x64.Build.0 = Debug|Any CPU
		{DF752026-D328-4244-90AD-7C5C85E45E7C}.Debug|x86.ActiveCfg = Debug|Any CPU
		{DF752026-D328-4244-90AD-7C5C85E45E7C}.Debug|x86.Build.0 = Debug|Any CPU
		{DF752026-D328-4244-90AD-7C5C85E45E7C}.Release|Any CPU.ActiveCfg = Release|Any CPU
		{DF752026-D328-4244-90AD-7C5C85E45E7C}.Release|Any CPU.Build.0 = Release|Any CPU
		{DF752026-D328-4244-90AD-7C5C85E45E7C}.Release|x64.ActiveCfg = Release|Any CPU
		{DF752026-D328-4244-90AD-7C5C85E45E7C}.Release|x64.Build.0 = Release|Any CPU
		{DF752026-D328-4244-90AD-7C5C85E45E7C}.Release|x86.ActiveCfg = Release|Any CPU
		{DF752026-D328-4244-90AD-7C5C85E45E7C}.Release|x86.Build.0 = Release|Any CPU
		{28873C8C-8831-44DD-8581-580F3258E1CF}.Debug|Any CPU.ActiveCfg = Debug|Any CPU
		{28873C8C-8831-44DD-8581-580F3258E1CF}.Debug|Any CPU.Build.0 = Debug|Any CPU
		{28873C8C-8831-44DD-8581-580F3258E1CF}.Debug|x64.ActiveCfg = Debug|Any CPU
		{28873C8C-8831-44DD-8581-580F3258E1CF}.Debug|x64.Build.0 = Debug|Any CPU
		{28873C8C-8831-44DD-8581-580F3258E1CF}.Debug|x86.ActiveCfg = Debug|Any CPU
		{28873C8C-8831-44DD-8581-580F3258E1CF}.Debug|x86.Build.0 = Debug|Any CPU
		{28873C8C-8831-44DD-8581-580F3258E1CF}.Release|Any CPU.ActiveCfg = Release|Any CPU
		{28873C8C-8831-44DD-8581-580F3258E1CF}.Release|Any CPU.Build.0 = Release|Any CPU
		{28873C8C-8831-44DD-8581-580F3258E1CF}.Release|x64.ActiveCfg = Release|Any CPU
		{28873C8C-8831-44DD-8581-580F3258E1CF}.Release|x64.Build.0 = Release|Any CPU
		{28873C8C-8831-44DD-8581-580F3258E1CF}.Release|x86.ActiveCfg = Release|Any CPU
		{28873C8C-8831-44DD-8581-580F3258E1CF}.Release|x86.Build.0 = Release|Any CPU
		{B019AB82-FCE8-45D4-9EEB-A1045E1564CD}.Debug|Any CPU.ActiveCfg = Debug|Any CPU
		{B019AB82-FCE8-45D4-9EEB-A1045E1564CD}.Debug|Any CPU.Build.0 = Debug|Any CPU
		{B019AB82-FCE8-45D4-9EEB-A1045E1564CD}.Debug|x64.ActiveCfg = Debug|Any CPU
		{B019AB82-FCE8-45D4-9EEB-A1045E1564CD}.Debug|x64.Build.0 = Debug|Any CPU
		{B019AB82-FCE8-45D4-9EEB-A1045E1564CD}.Debug|x86.ActiveCfg = Debug|Any CPU
		{B019AB82-FCE8-45D4-9EEB-A1045E1564CD}.Debug|x86.Build.0 = Debug|Any CPU
		{B019AB82-FCE8-45D4-9EEB-A1045E1564CD}.Release|Any CPU.ActiveCfg = Release|Any CPU
		{B019AB82-FCE8-45D4-9EEB-A1045E1564CD}.Release|Any CPU.Build.0 = Release|Any CPU
		{B019AB82-FCE8-45D4-9EEB-A1045E1564CD}.Release|x64.ActiveCfg = Release|Any CPU
		{B019AB82-FCE8-45D4-9EEB-A1045E1564CD}.Release|x64.Build.0 = Release|Any CPU
		{B019AB82-FCE8-45D4-9EEB-A1045E1564CD}.Release|x86.ActiveCfg = Release|Any CPU
		{B019AB82-FCE8-45D4-9EEB-A1045E1564CD}.Release|x86.Build.0 = Release|Any CPU
		{A9CE787A-2DCF-400C-B63F-53FD37A58633}.Debug|Any CPU.ActiveCfg = Debug|Any CPU
		{A9CE787A-2DCF-400C-B63F-53FD37A58633}.Debug|Any CPU.Build.0 = Debug|Any CPU
		{A9CE787A-2DCF-400C-B63F-53FD37A58633}.Debug|x64.ActiveCfg = Debug|Any CPU
		{A9CE787A-2DCF-400C-B63F-53FD37A58633}.Debug|x64.Build.0 = Debug|Any CPU
		{A9CE787A-2DCF-400C-B63F-53FD37A58633}.Debug|x86.ActiveCfg = Debug|Any CPU
		{A9CE787A-2DCF-400C-B63F-53FD37A58633}.Debug|x86.Build.0 = Debug|Any CPU
		{A9CE787A-2DCF-400C-B63F-53FD37A58633}.Release|Any CPU.ActiveCfg = Release|Any CPU
		{A9CE787A-2DCF-400C-B63F-53FD37A58633}.Release|Any CPU.Build.0 = Release|Any CPU
		{A9CE787A-2DCF-400C-B63F-53FD37A58633}.Release|x64.ActiveCfg = Release|Any CPU
		{A9CE787A-2DCF-400C-B63F-53FD37A58633}.Release|x64.Build.0 = Release|Any CPU
		{A9CE787A-2DCF-400C-B63F-53FD37A58633}.Release|x86.ActiveCfg = Release|Any CPU
		{A9CE787A-2DCF-400C-B63F-53FD37A58633}.Release|x86.Build.0 = Release|Any CPU
		{C5BC574F-BDEB-46BA-BE01-0A5CF117E838}.Debug|Any CPU.ActiveCfg = Debug|Any CPU
		{C5BC574F-BDEB-46BA-BE01-0A5CF117E838}.Debug|Any CPU.Build.0 = Debug|Any CPU
		{C5BC574F-BDEB-46BA-BE01-0A5CF117E838}.Debug|x64.ActiveCfg = Debug|Any CPU
		{C5BC574F-BDEB-46BA-BE01-0A5CF117E838}.Debug|x64.Build.0 = Debug|Any CPU
		{C5BC574F-BDEB-46BA-BE01-0A5CF117E838}.Debug|x86.ActiveCfg = Debug|Any CPU
		{C5BC574F-BDEB-46BA-BE01-0A5CF117E838}.Debug|x86.Build.0 = Debug|Any CPU
		{C5BC574F-BDEB-46BA-BE01-0A5CF117E838}.Release|Any CPU.ActiveCfg = Release|Any CPU
		{C5BC574F-BDEB-46BA-BE01-0A5CF117E838}.Release|Any CPU.Build.0 = Release|Any CPU
		{C5BC574F-BDEB-46BA-BE01-0A5CF117E838}.Release|x64.ActiveCfg = Release|Any CPU
		{C5BC574F-BDEB-46BA-BE01-0A5CF117E838}.Release|x64.Build.0 = Release|Any CPU
		{C5BC574F-BDEB-46BA-BE01-0A5CF117E838}.Release|x86.ActiveCfg = Release|Any CPU
		{C5BC574F-BDEB-46BA-BE01-0A5CF117E838}.Release|x86.Build.0 = Release|Any CPU
		{0B5CC937-5C4E-49C6-B9AB-EBC86EEFDD23}.Debug|Any CPU.ActiveCfg = Debug|Any CPU
		{0B5CC937-5C4E-49C6-B9AB-EBC86EEFDD23}.Debug|Any CPU.Build.0 = Debug|Any CPU
		{0B5CC937-5C4E-49C6-B9AB-EBC86EEFDD23}.Debug|x64.ActiveCfg = Debug|Any CPU
		{0B5CC937-5C4E-49C6-B9AB-EBC86EEFDD23}.Debug|x64.Build.0 = Debug|Any CPU
		{0B5CC937-5C4E-49C6-B9AB-EBC86EEFDD23}.Debug|x86.ActiveCfg = Debug|Any CPU
		{0B5CC937-5C4E-49C6-B9AB-EBC86EEFDD23}.Debug|x86.Build.0 = Debug|Any CPU
		{0B5CC937-5C4E-49C6-B9AB-EBC86EEFDD23}.Release|Any CPU.ActiveCfg = Release|Any CPU
		{0B5CC937-5C4E-49C6-B9AB-EBC86EEFDD23}.Release|Any CPU.Build.0 = Release|Any CPU
		{0B5CC937-5C4E-49C6-B9AB-EBC86EEFDD23}.Release|x64.ActiveCfg = Release|Any CPU
		{0B5CC937-5C4E-49C6-B9AB-EBC86EEFDD23}.Release|x64.Build.0 = Release|Any CPU
		{0B5CC937-5C4E-49C6-B9AB-EBC86EEFDD23}.Release|x86.ActiveCfg = Release|Any CPU
		{0B5CC937-5C4E-49C6-B9AB-EBC86EEFDD23}.Release|x86.Build.0 = Release|Any CPU
		{E4778A4A-BF4A-CBD3-4758-D863FD45BD85}.Debug|Any CPU.ActiveCfg = Debug|Any CPU
		{E4778A4A-BF4A-CBD3-4758-D863FD45BD85}.Debug|Any CPU.Build.0 = Debug|Any CPU
		{E4778A4A-BF4A-CBD3-4758-D863FD45BD85}.Debug|x64.ActiveCfg = Debug|Any CPU
		{E4778A4A-BF4A-CBD3-4758-D863FD45BD85}.Debug|x64.Build.0 = Debug|Any CPU
		{E4778A4A-BF4A-CBD3-4758-D863FD45BD85}.Debug|x86.ActiveCfg = Debug|Any CPU
		{E4778A4A-BF4A-CBD3-4758-D863FD45BD85}.Debug|x86.Build.0 = Debug|Any CPU
		{E4778A4A-BF4A-CBD3-4758-D863FD45BD85}.Release|Any CPU.ActiveCfg = Release|Any CPU
		{E4778A4A-BF4A-CBD3-4758-D863FD45BD85}.Release|Any CPU.Build.0 = Release|Any CPU
		{E4778A4A-BF4A-CBD3-4758-D863FD45BD85}.Release|x64.ActiveCfg = Release|Any CPU
		{E4778A4A-BF4A-CBD3-4758-D863FD45BD85}.Release|x64.Build.0 = Release|Any CPU
		{E4778A4A-BF4A-CBD3-4758-D863FD45BD85}.Release|x86.ActiveCfg = Release|Any CPU
		{E4778A4A-BF4A-CBD3-4758-D863FD45BD85}.Release|x86.Build.0 = Release|Any CPU
		{F1D3B5A7-9C2E-4680-B8DA-1234567890AB}.Debug|Any CPU.ActiveCfg = Debug|Any CPU
		{F1D3B5A7-9C2E-4680-B8DA-1234567890AB}.Debug|Any CPU.Build.0 = Debug|Any CPU
		{F1D3B5A7-9C2E-4680-B8DA-1234567890AB}.Debug|x64.ActiveCfg = Debug|Any CPU
		{F1D3B5A7-9C2E-4680-B8DA-1234567890AB}.Debug|x64.Build.0 = Debug|Any CPU
		{F1D3B5A7-9C2E-4680-B8DA-1234567890AB}.Debug|x86.ActiveCfg = Debug|Any CPU
		{F1D3B5A7-9C2E-4680-B8DA-1234567890AB}.Debug|x86.Build.0 = Debug|Any CPU
		{F1D3B5A7-9C2E-4680-B8DA-1234567890AB}.Release|Any CPU.ActiveCfg = Release|Any CPU
		{F1D3B5A7-9C2E-4680-B8DA-1234567890AB}.Release|Any CPU.Build.0 = Release|Any CPU
		{F1D3B5A7-9C2E-4680-B8DA-1234567890AB}.Release|x64.ActiveCfg = Release|Any CPU
		{F1D3B5A7-9C2E-4680-B8DA-1234567890AB}.Release|x64.Build.0 = Release|Any CPU
		{F1D3B5A7-9C2E-4680-B8DA-1234567890AB}.Release|x86.ActiveCfg = Release|Any CPU
		{F1D3B5A7-9C2E-4680-B8DA-1234567890AB}.Release|x86.Build.0 = Release|Any CPU
		{D3E5C7A9-1B2C-4D40-B8C0-345678901BCD}.Debug|Any CPU.ActiveCfg = Debug|Any CPU
		{D3E5C7A9-1B2C-4D40-B8C0-345678901BCD}.Debug|Any CPU.Build.0 = Debug|Any CPU
		{D3E5C7A9-1B2C-4D40-B8C0-345678901BCD}.Debug|x64.ActiveCfg = Debug|Any CPU
		{D3E5C7A9-1B2C-4D40-B8C0-345678901BCD}.Debug|x64.Build.0 = Debug|Any CPU
		{D3E5C7A9-1B2C-4D40-B8C0-345678901BCD}.Debug|x86.ActiveCfg = Debug|Any CPU
		{D3E5C7A9-1B2C-4D40-B8C0-345678901BCD}.Debug|x86.Build.0 = Debug|Any CPU
		{D3E5C7A9-1B2C-4D40-B8C0-345678901BCD}.Release|Any CPU.ActiveCfg = Release|Any CPU
		{D3E5C7A9-1B2C-4D40-B8C0-345678901BCD}.Release|Any CPU.Build.0 = Release|Any CPU
		{D3E5C7A9-1B2C-4D40-B8C0-345678901BCD}.Release|x64.ActiveCfg = Release|Any CPU
		{D3E5C7A9-1B2C-4D40-B8C0-345678901BCD}.Release|x64.Build.0 = Release|Any CPU
		{D3E5C7A9-1B2C-4D40-B8C0-345678901BCD}.Release|x86.ActiveCfg = Release|Any CPU
		{D3E5C7A9-1B2C-4D40-B8C0-345678901BCD}.Release|x86.Build.0 = Release|Any CPU
		{C4F6D8BA-2C3D-4E50-C9D1-456789012CDE}.Debug|Any CPU.ActiveCfg = Debug|Any CPU
		{C4F6D8BA-2C3D-4E50-C9D1-456789012CDE}.Debug|Any CPU.Build.0 = Debug|Any CPU
		{C4F6D8BA-2C3D-4E50-C9D1-456789012CDE}.Debug|x64.ActiveCfg = Debug|Any CPU
		{C4F6D8BA-2C3D-4E50-C9D1-456789012CDE}.Debug|x64.Build.0 = Debug|Any CPU
		{C4F6D8BA-2C3D-4E50-C9D1-456789012CDE}.Debug|x86.ActiveCfg = Debug|Any CPU
		{C4F6D8BA-2C3D-4E50-C9D1-456789012CDE}.Debug|x86.Build.0 = Debug|Any CPU
		{C4F6D8BA-2C3D-4E50-C9D1-456789012CDE}.Release|Any CPU.ActiveCfg = Release|Any CPU
		{C4F6D8BA-2C3D-4E50-C9D1-456789012CDE}.Release|Any CPU.Build.0 = Release|Any CPU
		{C4F6D8BA-2C3D-4E50-C9D1-456789012CDE}.Release|x64.ActiveCfg = Release|Any CPU
		{C4F6D8BA-2C3D-4E50-C9D1-456789012CDE}.Release|x64.Build.0 = Release|Any CPU
		{C4F6D8BA-2C3D-4E50-C9D1-456789012CDE}.Release|x86.ActiveCfg = Release|Any CPU
		{C4F6D8BA-2C3D-4E50-C9D1-456789012CDE}.Release|x86.Build.0 = Release|Any CPU
		{E2C4A6B8-0D1E-4F30-A7B9-234567890ABC}.Debug|Any CPU.ActiveCfg = Debug|Any CPU
		{E2C4A6B8-0D1E-4F30-A7B9-234567890ABC}.Debug|Any CPU.Build.0 = Debug|Any CPU
		{E2C4A6B8-0D1E-4F30-A7B9-234567890ABC}.Debug|x64.ActiveCfg = Debug|Any CPU
		{E2C4A6B8-0D1E-4F30-A7B9-234567890ABC}.Debug|x64.Build.0 = Debug|Any CPU
		{E2C4A6B8-0D1E-4F30-A7B9-234567890ABC}.Debug|x86.ActiveCfg = Debug|Any CPU
		{E2C4A6B8-0D1E-4F30-A7B9-234567890ABC}.Debug|x86.Build.0 = Debug|Any CPU
		{E2C4A6B8-0D1E-4F30-A7B9-234567890ABC}.Release|Any CPU.ActiveCfg = Release|Any CPU
		{E2C4A6B8-0D1E-4F30-A7B9-234567890ABC}.Release|Any CPU.Build.0 = Release|Any CPU
		{E2C4A6B8-0D1E-4F30-A7B9-234567890ABC}.Release|x64.ActiveCfg = Release|Any CPU
		{E2C4A6B8-0D1E-4F30-A7B9-234567890ABC}.Release|x64.Build.0 = Release|Any CPU
		{E2C4A6B8-0D1E-4F30-A7B9-234567890ABC}.Release|x86.ActiveCfg = Release|Any CPU
		{E2C4A6B8-0D1E-4F30-A7B9-234567890ABC}.Release|x86.Build.0 = Release|Any CPU
	EndGlobalSection
	GlobalSection(SolutionProperties) = preSolution
		HideSolutionNode = FALSE
	EndGlobalSection
	GlobalSection(NestedProjects) = preSolution
		{D482EAB7-A89E-4246-9255-85174D47F06B} = {827E0CD3-B72D-47B6-A68D-7590B98EB39B}
		{BF07E2E1-06B5-49BC-AC57-85E4EFBAB707} = {827E0CD3-B72D-47B6-A68D-7590B98EB39B}
		{94162A3F-8156-4B26-BEFC-44889049A4AA} = {827E0CD3-B72D-47B6-A68D-7590B98EB39B}
		{32497CA2-604E-4518-B9F7-92EE48041411} = {827E0CD3-B72D-47B6-A68D-7590B98EB39B}
		{2E725A93-1D36-4265-BF47-E7FC69C1BC1D} = {827E0CD3-B72D-47B6-A68D-7590B98EB39B}
		{643461F2-41C0-4FE1-A5B2-31A07EA9D7C0} = {827E0CD3-B72D-47B6-A68D-7590B98EB39B}
		{2E2D8B61-8D11-4E68-9A5A-4EB9E6B4F1C0} = {D155029A-9F95-7E23-5ED3-9C9C0B71BEE5}
		{8E45B8B6-47C7-4C03-9AF2-2B01F5C5F6A2} = {D155029A-9F95-7E23-5ED3-9C9C0B71BEE5}
		{3C7FE623-2F60-4E29-8EB8-54AF50DD2B9F} = {D155029A-9F95-7E23-5ED3-9C9C0B71BEE5}
		{BD9B3710-CB42-4EAA-85AE-647F1D2A1BB4} = {827E0CD3-B72D-47B6-A68D-7590B98EB39B}
		{B2575728-8AB4-48D4-B52B-FC27A6DA8283} = {827E0CD3-B72D-47B6-A68D-7590B98EB39B}
		{E07B2D8B-E471-4B95-9746-49BADA2D2921} = {827E0CD3-B72D-47B6-A68D-7590B98EB39B}
		{584B8681-CE80-4F3F-A0ED-B01F678A85AC} = {827E0CD3-B72D-47B6-A68D-7590B98EB39B}
		{875AE965-CFCF-4228-8185-D6E015BE0FEF} = {827E0CD3-B72D-47B6-A68D-7590B98EB39B}
		{89D38622-8964-41D5-8B95-5EF34F8FB553} = {827E0CD3-B72D-47B6-A68D-7590B98EB39B}
		{1A55BB8F-7080-404F-AA0E-60918BA90AFA} = {827E0CD3-B72D-47B6-A68D-7590B98EB39B}
		{5AB8FA4C-EED0-47B5-8180-45CE310781E3} = {CD946A00-5B0F-4722-8C9E-C055AEAABBB9}
		{0E69798E-3638-87CE-A8B3-FC3ABF0094E1} = {CD946A00-5B0F-4722-8C9E-C055AEAABBB9}
		{6603E4F2-116F-C3D8-D231-C49D71D03F3A} = {CD946A00-5B0F-4722-8C9E-C055AEAABBB9}
		{B65DC788-0CF5-A10A-53D5-F2824E679416} = {9AD0138F-C549-4DFD-849B-D25FB24DFECB}
		{9AD0138F-C549-4DFD-849B-D25FB24DFECB} = {CD946A00-5B0F-4722-8C9E-C055AEAABBB9}
		{B4C350DC-B8F5-EFE6-5EB4-80B321D381A6} = {9AD0138F-C549-4DFD-849B-D25FB24DFECB}
		{2934F9FB-7DCF-1B48-5CDD-9487F3377068} = {9AD0138F-C549-4DFD-849B-D25FB24DFECB}
		{D155029A-9F95-7E23-5ED3-9C9C0B71BEE5} = {07C2787E-EAC7-C090-1BA3-A61EC2A24D84}
		{86069ECF-8602-4D87-9C3F-BC64E98842EC} = {D155029A-9F95-7E23-5ED3-9C9C0B71BEE5}
		{3CEE700B-8E85-46B0-92FA-090D124E66F0} = {D155029A-9F95-7E23-5ED3-9C9C0B71BEE5}
		{DF752026-D328-4244-90AD-7C5C85E45E7C} = {0AB3BF05-4346-4AA6-1389-037BE0695223}
		{28873C8C-8831-44DD-8581-580F3258E1CF} = {0AB3BF05-4346-4AA6-1389-037BE0695223}
		{B019AB82-FCE8-45D4-9EEB-A1045E1564CD} = {0AB3BF05-4346-4AA6-1389-037BE0695223}
		{A9CE787A-2DCF-400C-B63F-53FD37A58633} = {D155029A-9F95-7E23-5ED3-9C9C0B71BEE5}
		{C5BC574F-BDEB-46BA-BE01-0A5CF117E838} = {D155029A-9F95-7E23-5ED3-9C9C0B71BEE5}
		{0B5CC937-5C4E-49C6-B9AB-EBC86EEFDD23} = {0AB3BF05-4346-4AA6-1389-037BE0695223}
		{E4778A4A-BF4A-CBD3-4758-D863FD45BD85} = {D155029A-9F95-7E23-5ED3-9C9C0B71BEE5}
		{F1D3B5A7-9C2E-4680-B8DA-1234567890AB} = {D155029A-9F95-7E23-5ED3-9C9C0B71BEE5}
		{D3E5C7A9-1B2C-4D40-B8C0-345678901BCD} = {0AB3BF05-4346-4AA6-1389-037BE0695223}
		{C4F6D8BA-2C3D-4E50-C9D1-456789012CDE} = {0AB3BF05-4346-4AA6-1389-037BE0695223}
		{E2C4A6B8-0D1E-4F30-A7B9-234567890ABC} = {0AB3BF05-4346-4AA6-1389-037BE0695223}
	EndGlobalSection
	GlobalSection(ExtensibilityGlobals) = postSolution
		SolutionGuid = {983A9A3B-8C06-4CDF-A9CF-DC84E7792F58}
	EndGlobalSection
EndGlobal
