
Microsoft Visual Studio Solution File, Format Version 12.00
# Visual Studio Version 17
VisualStudioVersion = 17.14.36623.8 d17.14
MinimumVisualStudioVersion = 10.0.40219.1
Project("{FAE04EC0-301F-11D3-BF4B-00C04F79EFBC}") = "CycloneDDS.Schema", "src\CycloneDDS.Schema\CycloneDDS.Schema.csproj", "{8CF523F9-63F3-4108-ABBF-51941E305486}"
EndProject
Project("{FAE04EC0-301F-11D3-BF4B-00C04F79EFBC}") = "CycloneDDS.Schema.Tests", "tests\CycloneDDS.Schema.Tests\CycloneDDS.Schema.Tests.csproj", "{5627A6F8-8D4D-4551-B3F0-01BFF25B8F66}"
EndProject
Project("{FAE04EC0-301F-11D3-BF4B-00C04F79EFBC}") = "CycloneDDS.Core", "src\CycloneDDS.Core\CycloneDDS.Core.csproj", "{6CA8C0D3-1A71-65E9-D005-0CB83272A73E}"
EndProject
Project("{FAE04EC0-301F-11D3-BF4B-00C04F79EFBC}") = "CycloneDDS.CodeGen.Tests", "tests\CycloneDDS.CodeGen.Tests\CycloneDDS.CodeGen.Tests.csproj", "{3EB5CF6D-9E82-E3A5-6581-437EB9012760}"
EndProject
Project("{FAE04EC0-301F-11D3-BF4B-00C04F79EFBC}") = "CycloneDDS.Core.Tests", "tests\CycloneDDS.Core.Tests\CycloneDDS.Core.Tests.csproj", "{4F5B3739-B4B9-0C0D-14A4-2FE1E84F60F2}"
EndProject
Project("{FAE04EC0-301F-11D3-BF4B-00C04F79EFBC}") = "CycloneDDS.CodeGen", "tools\CycloneDDS.CodeGen\CycloneDDS.CodeGen.csproj", "{77D93DCE-5394-C6CB-16C8-02AA7D57D559}"
EndProject
Project("{FAE04EC0-301F-11D3-BF4B-00C04F79EFBC}") = "CycloneDDS.Runtime.Tests", "tests\CycloneDDS.Runtime.Tests\CycloneDDS.Runtime.Tests.csproj", "{186E393F-5D65-FA62-27D1-BB57848C7ED9}"
EndProject
Global
	GlobalSection(SolutionConfigurationPlatforms) = preSolution
		Debug|Any CPU = Debug|Any CPU
		Debug|x64 = Debug|x64
		Debug|x86 = Debug|x86
		Release|Any CPU = Release|Any CPU
		Release|x64 = Release|x64
		Release|x86 = Release|x86
	EndGlobalSection
	GlobalSection(ProjectConfigurationPlatforms) = postSolution
		{8CF523F9-63F3-4108-ABBF-51941E305486}.Debug|Any CPU.ActiveCfg = Debug|Any CPU
		{8CF523F9-63F3-4108-ABBF-51941E305486}.Debug|Any CPU.Build.0 = Debug|Any CPU
		{8CF523F9-63F3-4108-ABBF-51941E305486}.Debug|x64.ActiveCfg = Debug|Any CPU
		{8CF523F9-63F3-4108-ABBF-51941E305486}.Debug|x64.Build.0 = Debug|Any CPU
		{8CF523F9-63F3-4108-ABBF-51941E305486}.Debug|x86.ActiveCfg = Debug|Any CPU
		{8CF523F9-63F3-4108-ABBF-51941E305486}.Debug|x86.Build.0 = Debug|Any CPU
		{8CF523F9-63F3-4108-ABBF-51941E305486}.Release|Any CPU.ActiveCfg = Release|Any CPU
		{8CF523F9-63F3-4108-ABBF-51941E305486}.Release|Any CPU.Build.0 = Release|Any CPU
		{8CF523F9-63F3-4108-ABBF-51941E305486}.Release|x64.ActiveCfg = Release|Any CPU
		{8CF523F9-63F3-4108-ABBF-51941E305486}.Release|x64.Build.0 = Release|Any CPU
		{8CF523F9-63F3-4108-ABBF-51941E305486}.Release|x86.ActiveCfg = Release|Any CPU
		{8CF523F9-63F3-4108-ABBF-51941E305486}.Release|x86.Build.0 = Release|Any CPU
		{5627A6F8-8D4D-4551-B3F0-01BFF25B8F66}.Debug|Any CPU.ActiveCfg = Debug|Any CPU
		{5627A6F8-8D4D-4551-B3F0-01BFF25B8F66}.Debug|Any CPU.Build.0 = Debug|Any CPU
		{5627A6F8-8D4D-4551-B3F0-01BFF25B8F66}.Debug|x64.ActiveCfg = Debug|Any CPU
		{5627A6F8-8D4D-4551-B3F0-01BFF25B8F66}.Debug|x64.Build.0 = Debug|Any CPU
		{5627A6F8-8D4D-4551-B3F0-01BFF25B8F66}.Debug|x86.ActiveCfg = Debug|Any CPU
		{5627A6F8-8D4D-4551-B3F0-01BFF25B8F66}.Debug|x86.Build.0 = Debug|Any CPU
		{5627A6F8-8D4D-4551-B3F0-01BFF25B8F66}.Release|Any CPU.ActiveCfg = Release|Any CPU
		{5627A6F8-8D4D-4551-B3F0-01BFF25B8F66}.Release|Any CPU.Build.0 = Release|Any CPU
		{5627A6F8-8D4D-4551-B3F0-01BFF25B8F66}.Release|x64.ActiveCfg = Release|Any CPU
		{5627A6F8-8D4D-4551-B3F0-01BFF25B8F66}.Release|x64.Build.0 = Release|Any CPU
		{5627A6F8-8D4D-4551-B3F0-01BFF25B8F66}.Release|x86.ActiveCfg = Release|Any CPU
		{5627A6F8-8D4D-4551-B3F0-01BFF25B8F66}.Release|x86.Build.0 = Release|Any CPU
		{6CA8C0D3-1A71-65E9-D005-0CB83272A73E}.Debug|Any CPU.ActiveCfg = Debug|Any CPU
		{6CA8C0D3-1A71-65E9-D005-0CB83272A73E}.Debug|Any CPU.Build.0 = Debug|Any CPU
		{6CA8C0D3-1A71-65E9-D005-0CB83272A73E}.Debug|x64.ActiveCfg = Debug|Any CPU
		{6CA8C0D3-1A71-65E9-D005-0CB83272A73E}.Debug|x64.Build.0 = Debug|Any CPU
		{6CA8C0D3-1A71-65E9-D005-0CB83272A73E}.Debug|x86.ActiveCfg = Debug|Any CPU
		{6CA8C0D3-1A71-65E9-D005-0CB83272A73E}.Debug|x86.Build.0 = Debug|Any CPU
		{6CA8C0D3-1A71-65E9-D005-0CB83272A73E}.Release|Any CPU.ActiveCfg = Release|Any CPU
		{6CA8C0D3-1A71-65E9-D005-0CB83272A73E}.Release|Any CPU.Build.0 = Release|Any CPU
		{6CA8C0D3-1A71-65E9-D005-0CB83272A73E}.Release|x64.ActiveCfg = Release|Any CPU
		{6CA8C0D3-1A71-65E9-D005-0CB83272A73E}.Release|x64.Build.0 = Release|Any CPU
		{6CA8C0D3-1A71-65E9-D005-0CB83272A73E}.Release|x86.ActiveCfg = Release|Any CPU
		{6CA8C0D3-1A71-65E9-D005-0CB83272A73E}.Release|x86.Build.0 = Release|Any CPU
		{3EB5CF6D-9E82-E3A5-6581-437EB9012760}.Debug|Any CPU.ActiveCfg = Debug|Any CPU
		{3EB5CF6D-9E82-E3A5-6581-437EB9012760}.Debug|Any CPU.Build.0 = Debug|Any CPU
		{3EB5CF6D-9E82-E3A5-6581-437EB9012760}.Debug|x64.ActiveCfg = Debug|Any CPU
		{3EB5CF6D-9E82-E3A5-6581-437EB9012760}.Debug|x64.Build.0 = Debug|Any CPU
		{3EB5CF6D-9E82-E3A5-6581-437EB9012760}.Debug|x86.ActiveCfg = Debug|Any CPU
		{3EB5CF6D-9E82-E3A5-6581-437EB9012760}.Debug|x86.Build.0 = Debug|Any CPU
		{3EB5CF6D-9E82-E3A5-6581-437EB9012760}.Release|Any CPU.ActiveCfg = Release|Any CPU
		{3EB5CF6D-9E82-E3A5-6581-437EB9012760}.Release|Any CPU.Build.0 = Release|Any CPU
		{3EB5CF6D-9E82-E3A5-6581-437EB9012760}.Release|x64.ActiveCfg = Release|Any CPU
		{3EB5CF6D-9E82-E3A5-6581-437EB9012760}.Release|x64.Build.0 = Release|Any CPU
		{3EB5CF6D-9E82-E3A5-6581-437EB9012760}.Release|x86.ActiveCfg = Release|Any CPU
		{3EB5CF6D-9E82-E3A5-6581-437EB9012760}.Release|x86.Build.0 = Release|Any CPU
		{4F5B3739-B4B9-0C0D-14A4-2FE1E84F60F2}.Debug|Any CPU.ActiveCfg = Debug|Any CPU
		{4F5B3739-B4B9-0C0D-14A4-2FE1E84F60F2}.Debug|Any CPU.Build.0 = Debug|Any CPU
		{4F5B3739-B4B9-0C0D-14A4-2FE1E84F60F2}.Debug|x64.ActiveCfg = Debug|Any CPU
		{4F5B3739-B4B9-0C0D-14A4-2FE1E84F60F2}.Debug|x64.Build.0 = Debug|Any CPU
		{4F5B3739-B4B9-0C0D-14A4-2FE1E84F60F2}.Debug|x86.ActiveCfg = Debug|Any CPU
		{4F5B3739-B4B9-0C0D-14A4-2FE1E84F60F2}.Debug|x86.Build.0 = Debug|Any CPU
		{4F5B3739-B4B9-0C0D-14A4-2FE1E84F60F2}.Release|Any CPU.ActiveCfg = Release|Any CPU
		{4F5B3739-B4B9-0C0D-14A4-2FE1E84F60F2}.Release|Any CPU.Build.0 = Release|Any CPU
		{4F5B3739-B4B9-0C0D-14A4-2FE1E84F60F2}.Release|x64.ActiveCfg = Release|Any CPU
		{4F5B3739-B4B9-0C0D-14A4-2FE1E84F60F2}.Release|x64.Build.0 = Release|Any CPU
		{4F5B3739-B4B9-0C0D-14A4-2FE1E84F60F2}.Release|x86.ActiveCfg = Release|Any CPU
		{4F5B3739-B4B9-0C0D-14A4-2FE1E84F60F2}.Release|x86.Build.0 = Release|Any CPU
		{77D93DCE-5394-C6CB-16C8-02AA7D57D559}.Debug|Any CPU.ActiveCfg = Debug|Any CPU
		{77D93DCE-5394-C6CB-16C8-02AA7D57D559}.Debug|Any CPU.Build.0 = Debug|Any CPU
		{77D93DCE-5394-C6CB-16C8-02AA7D57D559}.Debug|x64.ActiveCfg = Debug|Any CPU
		{77D93DCE-5394-C6CB-16C8-02AA7D57D559}.Debug|x64.Build.0 = Debug|Any CPU
		{77D93DCE-5394-C6CB-16C8-02AA7D57D559}.Debug|x86.ActiveCfg = Debug|Any CPU
		{77D93DCE-5394-C6CB-16C8-02AA7D57D559}.Debug|x86.Build.0 = Debug|Any CPU
		{77D93DCE-5394-C6CB-16C8-02AA7D57D559}.Release|Any CPU.ActiveCfg = Release|Any CPU
		{77D93DCE-5394-C6CB-16C8-02AA7D57D559}.Release|Any CPU.Build.0 = Release|Any CPU
		{77D93DCE-5394-C6CB-16C8-02AA7D57D559}.Release|x64.ActiveCfg = Release|Any CPU
		{77D93DCE-5394-C6CB-16C8-02AA7D57D559}.Release|x64.Build.0 = Release|Any CPU
		{77D93DCE-5394-C6CB-16C8-02AA7D57D559}.Release|x86.ActiveCfg = Release|Any CPU
		{77D93DCE-5394-C6CB-16C8-02AA7D57D559}.Release|x86.Build.0 = Release|Any CPU
		{186E393F-5D65-FA62-27D1-BB57848C7ED9}.Debug|Any CPU.ActiveCfg = Debug|Any CPU
		{186E393F-5D65-FA62-27D1-BB57848C7ED9}.Debug|Any CPU.Build.0 = Debug|Any CPU
		{186E393F-5D65-FA62-27D1-BB57848C7ED9}.Debug|x64.ActiveCfg = Debug|Any CPU
		{186E393F-5D65-FA62-27D1-BB57848C7ED9}.Debug|x64.Build.0 = Debug|Any CPU
		{186E393F-5D65-FA62-27D1-BB57848C7ED9}.Debug|x86.ActiveCfg = Debug|Any CPU
		{186E393F-5D65-FA62-27D1-BB57848C7ED9}.Debug|x86.Build.0 = Debug|Any CPU
		{186E393F-5D65-FA62-27D1-BB57848C7ED9}.Release|Any CPU.ActiveCfg = Release|Any CPU
		{186E393F-5D65-FA62-27D1-BB57848C7ED9}.Release|Any CPU.Build.0 = Release|Any CPU
		{186E393F-5D65-FA62-27D1-BB57848C7ED9}.Release|x64.ActiveCfg = Release|Any CPU
		{186E393F-5D65-FA62-27D1-BB57848C7ED9}.Release|x64.Build.0 = Release|Any CPU
		{186E393F-5D65-FA62-27D1-BB57848C7ED9}.Release|x86.ActiveCfg = Release|Any CPU
		{186E393F-5D65-FA62-27D1-BB57848C7ED9}.Release|x86.Build.0 = Release|Any CPU
	EndGlobalSection
	GlobalSection(SolutionProperties) = preSolution
		HideSolutionNode = FALSE
	EndGlobalSection
	GlobalSection(ExtensibilityGlobals) = postSolution
		SolutionGuid = {F9265A9A-2FE7-4434-9B26-B3C4B953FBEF}
	EndGlobalSection
EndGlobal
